{
    "name": "atms-map",
    "version": "0.1.0",
    "lockfileVersion": 2,
    "requires": true,
    "packages": {
        "": {
            "name": "atms-map",
            "version": "0.1.0",
            "dependencies": {
                "@mapbox/leaflet-pip": "^1.1.0",
                "leaflet": "^1.6.0",
                "prop-types": "^15.6.2",
                "react": "^16.6.3",
                "react-dom": "^16.6.3",
                "react-leaflet": "^2.7.0",
                "react-redux": "5.1.2",
                "redux": "^4.0.5",
                "redux-thunk": "^2.3.0"
            },
            "devDependencies": {
                "prettier": "^2.4.1",
                "prettify": "^0.1.7"
            }
        },
        "node_modules/@babel/runtime": {
            "version": "7.16.3",
            "resolved": "https://registry.npmjs.org/@babel/runtime/-/runtime-7.16.3.tgz",
            "integrity": "sha512-WBwekcqacdY2e9AF/Q7WLFUWmdJGJTkbjqTjoMDgXkVZ3ZRUvOPsLb5KdwISoQVsbP+DQzVZW4Zhci0DvpbNTQ==",
            "dependencies": {
                "regenerator-runtime": "^0.13.4"
            },
            "engines": {
                "node": ">=6.9.0"
            }
        },
        "node_modules/@mapbox/leaflet-pip": {
            "version": "1.1.0",
            "resolved": "https://registry.npmjs.org/@mapbox/leaflet-pip/-/leaflet-pip-1.1.0.tgz",
            "integrity": "sha1-SnpL60WMjMJNhJNvylq6CV3m430=",
            "dependencies": {
                "geojson-utils": "~1.1.0",
                "uglify-js": "2.7.4"
            }
        },
        "node_modules/abbrev": {
            "version": "1.1.1",
            "resolved": "https://registry.npmjs.org/abbrev/-/abbrev-1.1.1.tgz",
            "integrity": "sha512-nne9/IiQ/hzIhY6pdDnbBtz7DjPTKrY00P/zvPSm5pOFkl6xuGrGnXn/VtTNNfNtAfZ9/1RtehkszU9qcTii0Q==",
            "dev": true
        },
        "node_modules/align-text": {
            "version": "0.1.4",
            "resolved": "https://registry.npmjs.org/align-text/-/align-text-0.1.4.tgz",
            "integrity": "sha1-DNkKVhCT810KmSVsIrcGlDP60Rc=",
            "dependencies": {
                "kind-of": "^3.0.2",
                "longest": "^1.0.1",
                "repeat-string": "^1.5.2"
            },
            "engines": {
                "node": ">=0.10.0"
            }
        },
        "node_modules/async": {
            "version": "0.2.10",
            "resolved": "https://registry.npmjs.org/async/-/async-0.2.10.tgz",
            "integrity": "sha1-trvgsGdLnXGXCMo43owjfLUmw9E="
        },
        "node_modules/camelcase": {
            "version": "1.2.1",
            "resolved": "https://registry.npmjs.org/camelcase/-/camelcase-1.2.1.tgz",
            "integrity": "sha1-m7UwTS4LVmmLLHWLCKPqqdqlijk=",
            "engines": {
                "node": ">=0.10.0"
            }
        },
        "node_modules/center-align": {
            "version": "0.1.3",
            "resolved": "https://registry.npmjs.org/center-align/-/center-align-0.1.3.tgz",
            "integrity": "sha1-qg0yYptu6XIgBBHL1EYckHvCt60=",
            "dependencies": {
                "align-text": "^0.1.3",
                "lazy-cache": "^1.0.3"
            },
            "engines": {
                "node": ">=0.10.0"
            }
        },
        "node_modules/cliui": {
            "version": "2.1.0",
            "resolved": "https://registry.npmjs.org/cliui/-/cliui-2.1.0.tgz",
            "integrity": "sha1-S0dXYP+AJkx2LDoXGQMukcf+oNE=",
            "dependencies": {
                "center-align": "^0.1.1",
                "right-align": "^0.1.1",
                "wordwrap": "0.0.2"
            }
        },
        "node_modules/config-chain": {
            "version": "1.1.13",
            "resolved": "https://registry.npmjs.org/config-chain/-/config-chain-1.1.13.tgz",
            "integrity": "sha512-qj+f8APARXHrM0hraqXYb2/bOVSV4PvJQlNZ/DVj0QrmNM2q2euizkeuVckQ57J+W0mRH6Hvi+k50M4Jul2VRQ==",
            "dev": true,
            "dependencies": {
                "ini": "^1.3.4",
                "proto-list": "~1.2.1"
            }
        },
        "node_modules/decamelize": {
            "version": "1.2.0",
            "resolved": "https://registry.npmjs.org/decamelize/-/decamelize-1.2.0.tgz",
            "integrity": "sha1-9lNNFRSCabIDUue+4m9QH5oZEpA=",
            "engines": {
                "node": ">=0.10.0"
            }
        },
        "node_modules/fast-deep-equal": {
            "version": "3.1.3",
            "resolved": "https://registry.npmjs.org/fast-deep-equal/-/fast-deep-equal-3.1.3.tgz",
            "integrity": "sha512-f3qQ9oQy9j2AhBe/H9VC91wLmKBCCU/gDOnKNAYG5hswO7BLKj09Hc5HYNz9cGI++xlpDCIgDaitVs03ATR84Q=="
        },
        "node_modules/geojson-utils": {
            "version": "1.1.0",
            "resolved": "https://registry.npmjs.org/geojson-utils/-/geojson-utils-1.1.0.tgz",
            "integrity": "sha1-6P+0yBwKdbPjBvUYcmXW8jBA9Qs="
        },
        "node_modules/hoist-non-react-statics": {
            "version": "3.3.2",
            "resolved": "https://registry.npmjs.org/hoist-non-react-statics/-/hoist-non-react-statics-3.3.2.tgz",
            "integrity": "sha512-/gGivxi8JPKWNm/W0jSmzcMPpfpPLc3dY/6GxhX2hQ9iGj3aDfklV4ET7NjKpSinLpJ5vafa9iiGIEZg10SfBw==",
            "dependencies": {
                "react-is": "^16.7.0"
            }
        },
        "node_modules/ini": {
            "version": "1.3.8",
            "resolved": "https://registry.npmjs.org/ini/-/ini-1.3.8.tgz",
            "integrity": "sha512-JV/yugV2uzW5iMRSiZAyDtQd+nxtUnjeLt0acNdw98kKLrvuRVyB80tsREOE7yvGVgalhZ6RNXCmEHkUKBKxew==",
            "dev": true
        },
        "node_modules/invariant": {
            "version": "2.2.4",
            "resolved": "https://registry.npmjs.org/invariant/-/invariant-2.2.4.tgz",
            "integrity": "sha512-phJfQVBuaJM5raOpJjSfkiD6BpbCE4Ns//LaXl6wGYtUBY83nWS6Rf9tXm2e8VaK60JEjYldbPif/A2B1C2gNA==",
            "dependencies": {
                "loose-envify": "^1.0.0"
            }
        },
        "node_modules/is-buffer": {
            "version": "1.1.6",
            "resolved": "https://registry.npmjs.org/is-buffer/-/is-buffer-1.1.6.tgz",
            "integrity": "sha512-NcdALwpXkTm5Zvvbk7owOUSvVvBKDgKP5/ewfXEznmQFfs4ZRmanOeKBTjRVjka3QFoN6XJ+9F3USqfHqTaU5w=="
        },
        "node_modules/js-prettify": {
            "version": "1.4.0",
            "resolved": "https://registry.npmjs.org/js-prettify/-/js-prettify-1.4.0.tgz",
            "integrity": "sha1-9m/fWfOX6eCTfLFqWiNzRjNefrM=",
            "dev": true,
            "dependencies": {
                "config-chain": "~1.1.5",
                "mkdirp": "0.3.5",
                "nopt": "~2.1.1"
            },
            "bin": {
                "css-beautify": "js/bin/css-beautify.js",
                "html-beautify": "js/bin/html-beautify.js",
                "js-beautify": "js/bin/js-beautify.js"
            }
        },
        "node_modules/js-tokens": {
            "version": "4.0.0",
            "resolved": "https://registry.npmjs.org/js-tokens/-/js-tokens-4.0.0.tgz",
            "integrity": "sha512-RdJUflcE3cUzKiMqQgsCu06FPu9UdIJO0beYbPhHN4k6apgJtifcoCtT9bcxOpYBtpD2kCM6Sbzg4CausW/PKQ=="
        },
        "node_modules/kind-of": {
            "version": "3.2.2",
            "resolved": "https://registry.npmjs.org/kind-of/-/kind-of-3.2.2.tgz",
            "integrity": "sha1-MeohpzS6ubuw8yRm2JOupR5KPGQ=",
            "dependencies": {
                "is-buffer": "^1.1.5"
            },
            "engines": {
                "node": ">=0.10.0"
            }
        },
        "node_modules/lazy-cache": {
            "version": "1.0.4",
            "resolved": "https://registry.npmjs.org/lazy-cache/-/lazy-cache-1.0.4.tgz",
            "integrity": "sha1-odePw6UEdMuAhF07O24dpJpEbo4=",
            "engines": {
                "node": ">=0.10.0"
            }
        },
        "node_modules/leaflet": {
            "version": "1.7.1",
            "resolved": "https://registry.npmjs.org/leaflet/-/leaflet-1.7.1.tgz",
            "integrity": "sha512-/xwPEBidtg69Q3HlqPdU3DnrXQOvQU/CCHA1tcDQVzOwm91YMYaILjNp7L4Eaw5Z4sOYdbBz6koWyibppd8Zqw=="
        },
        "node_modules/lodash": {
            "version": "1.3.1",
            "resolved": "https://registry.npmjs.org/lodash/-/lodash-1.3.1.tgz",
            "integrity": "sha1-pGY7U2hriV/wdOK6UE37dqjit3A=",
            "dev": true,
            "engines": [
                "node",
                "rhino"
            ]
        },
        "node_modules/longest": {
            "version": "1.0.1",
            "resolved": "https://registry.npmjs.org/longest/-/longest-1.0.1.tgz",
            "integrity": "sha1-MKCy2jj3N3DoKUoNIuZiXtd9AJc=",
            "engines": {
                "node": ">=0.10.0"
            }
        },
        "node_modules/loose-envify": {
            "version": "1.4.0",
            "resolved": "https://registry.npmjs.org/loose-envify/-/loose-envify-1.4.0.tgz",
            "integrity": "sha512-lyuxPGr/Wfhrlem2CL/UcnUc1zcqKAImBDzukY7Y5F/yQiNdko6+fRLevlw1HgMySw7f611UIY408EtxRSoK3Q==",
            "dependencies": {
                "js-tokens": "^3.0.0 || ^4.0.0"
            },
            "bin": {
                "loose-envify": "cli.js"
            }
        },
        "node_modules/mkdirp": {
            "version": "0.3.5",
            "resolved": "https://registry.npmjs.org/mkdirp/-/mkdirp-0.3.5.tgz",
            "integrity": "sha1-3j5fiWHIjHh+4TaN+EmsRBPsqNc=",
            "deprecated": "Legacy versions of mkdirp are no longer supported. Please update to mkdirp 1.x. (Note that the API surface has changed to use Promises in 1.x.)",
            "dev": true
        },
        "node_modules/nopt": {
            "version": "2.1.2",
            "resolved": "https://registry.npmjs.org/nopt/-/nopt-2.1.2.tgz",
            "integrity": "sha1-bMzZd7gBMqB3MdbozljCyDA8+a8=",
            "dev": true,
            "dependencies": {
                "abbrev": "1"
            },
            "bin": {
                "nopt": "bin/nopt.js"
            }
        },
        "node_modules/object-assign": {
            "version": "4.1.1",
            "resolved": "https://registry.npmjs.org/object-assign/-/object-assign-4.1.1.tgz",
            "integrity": "sha1-IQmtx5ZYh8/AXLvUQsrIv7s2CGM=",
            "engines": {
                "node": ">=0.10.0"
            }
        },
        "node_modules/prettier": {
            "version": "2.4.1",
            "resolved": "https://registry.npmjs.org/prettier/-/prettier-2.4.1.tgz",
            "integrity": "sha512-9fbDAXSBcc6Bs1mZrDYb3XKzDLm4EXXL9sC1LqKP5rZkT6KRr/rf9amVUcODVXgguK/isJz0d0hP72WeaKWsvA==",
            "dev": true,
            "bin": {
                "prettier": "bin-prettier.js"
            },
            "engines": {
                "node": ">=10.13.0"
            }
        },
        "node_modules/prettify": {
            "version": "0.1.7",
            "resolved": "https://registry.npmjs.org/prettify/-/prettify-0.1.7.tgz",
            "integrity": "sha1-4dHkoaCkL0dtcqDFsYWAgB/ilkM=",
            "dev": true,
            "dependencies": {
                "js-prettify": "~1.4.0",
                "lodash": "~1.3.1"
            }
        },
        "node_modules/prop-types": {
            "version": "15.7.2",
            "resolved": "https://registry.npmjs.org/prop-types/-/prop-types-15.7.2.tgz",
            "integrity": "sha512-8QQikdH7//R2vurIJSutZ1smHYTcLpRWEOlHnzcWHmBYrOGUysKwSsrC89BCiFj3CbrfJ/nXFdJepOVrY1GCHQ==",
            "dependencies": {
                "loose-envify": "^1.4.0",
                "object-assign": "^4.1.1",
                "react-is": "^16.8.1"
            }
        },
        "node_modules/proto-list": {
            "version": "1.2.4",
            "resolved": "https://registry.npmjs.org/proto-list/-/proto-list-1.2.4.tgz",
            "integrity": "sha1-IS1b/hMYMGpCD2QCuOJv85ZHqEk=",
            "dev": true
        },
        "node_modules/react": {
            "version": "16.14.0",
            "resolved": "https://registry.npmjs.org/react/-/react-16.14.0.tgz",
            "integrity": "sha512-0X2CImDkJGApiAlcf0ODKIneSwBPhqJawOa5wCtKbu7ZECrmS26NvtSILynQ66cgkT/RJ4LidJOc3bUESwmU8g==",
            "dependencies": {
                "loose-envify": "^1.1.0",
                "object-assign": "^4.1.1",
                "prop-types": "^15.6.2"
            },
            "engines": {
                "node": ">=0.10.0"
            }
        },
        "node_modules/react-dom": {
            "version": "16.14.0",
            "resolved": "https://registry.npmjs.org/react-dom/-/react-dom-16.14.0.tgz",
            "integrity": "sha512-1gCeQXDLoIqMgqD3IO2Ah9bnf0w9kzhwN5q4FGnHZ67hBm9yePzB5JJAIQCc8x3pFnNlwFq4RidZggNAAkzWWw==",
            "dependencies": {
                "loose-envify": "^1.1.0",
                "object-assign": "^4.1.1",
                "prop-types": "^15.6.2",
                "scheduler": "^0.19.1"
            },
            "peerDependencies": {
                "react": "^16.14.0"
            }
        },
        "node_modules/react-is": {
            "version": "16.13.1",
            "resolved": "https://registry.npmjs.org/react-is/-/react-is-16.13.1.tgz",
            "integrity": "sha512-24e6ynE2H+OKt4kqsOvNd8kBpV65zoxbA4BVsEOB3ARVWQki/DHzaUoC5KuON/BiccDaCCTZBuOcfZs70kR8bQ=="
        },
        "node_modules/react-leaflet": {
            "version": "2.8.0",
            "resolved": "https://registry.npmjs.org/react-leaflet/-/react-leaflet-2.8.0.tgz",
            "integrity": "sha512-Y7oHtNrrlRH8muDttXf+jZ2Ga/X7jneSGi1GN8uEdeCfLProTqgG2Zoa5TfloS3ZnY20v7w+DIenMG59beFsQw==",
            "dependencies": {
                "@babel/runtime": "^7.12.1",
                "fast-deep-equal": "^3.1.3",
                "hoist-non-react-statics": "^3.3.2",
                "warning": "^4.0.3"
            },
            "peerDependencies": {
                "leaflet": "^1.6.0",
                "react": "^16.8.0 || ^17.0.0",
                "react-dom": "^16.8.0  || ^17.0.0"
            }
        },
        "node_modules/react-lifecycles-compat": {
            "version": "3.0.4",
            "resolved": "https://registry.npmjs.org/react-lifecycles-compat/-/react-lifecycles-compat-3.0.4.tgz",
            "integrity": "sha512-fBASbA6LnOU9dOU2eW7aQ8xmYBSXUIWr+UmF9b1efZBazGNO+rcXT/icdKnYm2pTwcRylVUYwW7H1PHfLekVzA=="
        },
        "node_modules/react-redux": {
            "version": "5.1.2",
            "resolved": "https://registry.npmjs.org/react-redux/-/react-redux-5.1.2.tgz",
            "integrity": "sha512-Ns1G0XXc8hDyH/OcBHOxNgQx9ayH3SPxBnFCOidGKSle8pKihysQw2rG/PmciUQRoclhVBO8HMhiRmGXnDja9Q==",
            "dependencies": {
                "@babel/runtime": "^7.1.2",
                "hoist-non-react-statics": "^3.3.0",
                "invariant": "^2.2.4",
                "loose-envify": "^1.1.0",
                "prop-types": "^15.6.1",
                "react-is": "^16.6.0",
                "react-lifecycles-compat": "^3.0.0"
            },
            "peerDependencies": {
                "react": "^0.14.0 || ^15.0.0-0 || ^16.0.0-0",
                "redux": "^2.0.0 || ^3.0.0 || ^4.0.0-0"
            }
        },
        "node_modules/redux": {
            "version": "4.1.2",
            "resolved": "https://registry.npmjs.org/redux/-/redux-4.1.2.tgz",
            "integrity": "sha512-SH8PglcebESbd/shgf6mii6EIoRM0zrQyjcuQ+ojmfxjTtE0z9Y8pa62iA/OJ58qjP6j27uyW4kUF4jl/jd6sw==",
            "dependencies": {
                "@babel/runtime": "^7.9.2"
            }
        },
        "node_modules/redux-thunk": {
            "version": "2.4.0",
            "resolved": "https://registry.npmjs.org/redux-thunk/-/redux-thunk-2.4.0.tgz",
            "integrity": "sha512-/y6ZKQNU/0u8Bm7ROLq9Pt/7lU93cT0IucYMrubo89ENjxPa7i8pqLKu6V4X7/TvYovQ6x01unTeyeZ9lgXiTA==",
            "peerDependencies": {
                "redux": "^4"
            }
        },
        "node_modules/regenerator-runtime": {
            "version": "0.13.9",
            "resolved": "https://registry.npmjs.org/regenerator-runtime/-/regenerator-runtime-0.13.9.tgz",
            "integrity": "sha512-p3VT+cOEgxFsRRA9X4lkI1E+k2/CtnKtU4gcxyaCUreilL/vqI6CdZ3wxVUx3UOUg+gnUOQQcRI7BmSI656MYA=="
        },
        "node_modules/repeat-string": {
            "version": "1.6.1",
            "resolved": "https://registry.npmjs.org/repeat-string/-/repeat-string-1.6.1.tgz",
            "integrity": "sha1-jcrkcOHIirwtYA//Sndihtp15jc=",
            "engines": {
                "node": ">=0.10"
            }
        },
        "node_modules/right-align": {
            "version": "0.1.3",
            "resolved": "https://registry.npmjs.org/right-align/-/right-align-0.1.3.tgz",
            "integrity": "sha1-YTObci/mo1FWiSENJOFMlhSGE+8=",
            "dependencies": {
                "align-text": "^0.1.1"
            },
            "engines": {
                "node": ">=0.10.0"
            }
        },
        "node_modules/scheduler": {
            "version": "0.19.1",
            "resolved": "https://registry.npmjs.org/scheduler/-/scheduler-0.19.1.tgz",
            "integrity": "sha512-n/zwRWRYSUj0/3g/otKDRPMh6qv2SYMWNq85IEa8iZyAv8od9zDYpGSnpBEjNgcMNq6Scbu5KfIPxNF72R/2EA==",
            "dependencies": {
                "loose-envify": "^1.1.0",
                "object-assign": "^4.1.1"
            }
        },
        "node_modules/source-map": {
            "version": "0.5.7",
            "resolved": "https://registry.npmjs.org/source-map/-/source-map-0.5.7.tgz",
            "integrity": "sha1-igOdLRAh0i0eoUyA2OpGi6LvP8w=",
            "engines": {
                "node": ">=0.10.0"
            }
        },
        "node_modules/uglify-js": {
            "version": "2.7.4",
            "resolved": "https://registry.npmjs.org/uglify-js/-/uglify-js-2.7.4.tgz",
            "integrity": "sha1-opWg3hK2plDAMcQN6w3ECxRWi9I=",
            "dependencies": {
                "async": "~0.2.6",
                "source-map": "~0.5.1",
                "uglify-to-browserify": "~1.0.0",
                "yargs": "~3.10.0"
            },
            "bin": {
                "uglifyjs": "bin/uglifyjs"
            },
            "engines": {
                "node": ">=0.8.0"
            }
        },
        "node_modules/uglify-to-browserify": {
            "version": "1.0.2",
            "resolved": "https://registry.npmjs.org/uglify-to-browserify/-/uglify-to-browserify-1.0.2.tgz",
            "integrity": "sha1-bgkk1r2mta/jSeOabWMoUKD4grc="
        },
        "node_modules/warning": {
            "version": "4.0.3",
            "resolved": "https://registry.npmjs.org/warning/-/warning-4.0.3.tgz",
            "integrity": "sha512-rpJyN222KWIvHJ/F53XSZv0Zl/accqHR8et1kpaMTD/fLCRxtV8iX8czMzY7sVZupTI3zcUTg8eycS2kNF9l6w==",
            "dependencies": {
                "loose-envify": "^1.0.0"
            }
        },
        "node_modules/window-size": {
            "version": "0.1.0",
            "resolved": "https://registry.npmjs.org/window-size/-/window-size-0.1.0.tgz",
            "integrity": "sha1-VDjNLqk7IC76Ohn+iIeu58lPnJ0=",
            "engines": {
                "node": ">= 0.8.0"
            }
        },
        "node_modules/wordwrap": {
            "version": "0.0.2",
            "resolved": "https://registry.npmjs.org/wordwrap/-/wordwrap-0.0.2.tgz",
            "integrity": "sha1-t5Zpu0LstAn4PVg8rVLKF+qhZD8=",
            "engines": {
                "node": ">=0.4.0"
            }
        },
        "node_modules/yargs": {
            "version": "3.10.0",
            "resolved": "https://registry.npmjs.org/yargs/-/yargs-3.10.0.tgz",
            "integrity": "sha1-9+572FfdfB0tOMDnTvvWgdFDH9E=",
            "dependencies": {
                "camelcase": "^1.0.2",
                "cliui": "^2.1.0",
                "decamelize": "^1.0.0",
                "window-size": "0.1.0"
            }
        }
    },
    "dependencies": {
        "@babel/runtime": {
            "version": "7.16.3",
            "resolved": "https://registry.npmjs.org/@babel/runtime/-/runtime-7.16.3.tgz",
            "integrity": "sha512-WBwekcqacdY2e9AF/Q7WLFUWmdJGJTkbjqTjoMDgXkVZ3ZRUvOPsLb5KdwISoQVsbP+DQzVZW4Zhci0DvpbNTQ==",
            "requires": {
                "regenerator-runtime": "^0.13.4"
            }
        },
        "@mapbox/leaflet-pip": {
            "version": "1.1.0",
            "resolved": "https://registry.npmjs.org/@mapbox/leaflet-pip/-/leaflet-pip-1.1.0.tgz",
            "integrity": "sha1-SnpL60WMjMJNhJNvylq6CV3m430=",
            "requires": {
                "geojson-utils": "~1.1.0",
                "uglify-js": "2.7.4"
            }
        },
        "abbrev": {
            "version": "1.1.1",
            "resolved": "https://registry.npmjs.org/abbrev/-/abbrev-1.1.1.tgz",
            "integrity": "sha512-nne9/IiQ/hzIhY6pdDnbBtz7DjPTKrY00P/zvPSm5pOFkl6xuGrGnXn/VtTNNfNtAfZ9/1RtehkszU9qcTii0Q==",
            "dev": true
        },
        "align-text": {
            "version": "0.1.4",
            "resolved": "https://registry.npmjs.org/align-text/-/align-text-0.1.4.tgz",
            "integrity": "sha1-DNkKVhCT810KmSVsIrcGlDP60Rc=",
            "requires": {
                "kind-of": "^3.0.2",
                "longest": "^1.0.1",
                "repeat-string": "^1.5.2"
            }
        },
        "async": {
            "version": "0.2.10",
            "resolved": "https://registry.npmjs.org/async/-/async-0.2.10.tgz",
            "integrity": "sha1-trvgsGdLnXGXCMo43owjfLUmw9E="
        },
        "camelcase": {
            "version": "1.2.1",
            "resolved": "https://registry.npmjs.org/camelcase/-/camelcase-1.2.1.tgz",
            "integrity": "sha1-m7UwTS4LVmmLLHWLCKPqqdqlijk="
        },
        "center-align": {
            "version": "0.1.3",
            "resolved": "https://registry.npmjs.org/center-align/-/center-align-0.1.3.tgz",
            "integrity": "sha1-qg0yYptu6XIgBBHL1EYckHvCt60=",
            "requires": {
                "align-text": "^0.1.3",
                "lazy-cache": "^1.0.3"
            }
        },
        "cliui": {
            "version": "2.1.0",
            "resolved": "https://registry.npmjs.org/cliui/-/cliui-2.1.0.tgz",
            "integrity": "sha1-S0dXYP+AJkx2LDoXGQMukcf+oNE=",
            "requires": {
                "center-align": "^0.1.1",
                "right-align": "^0.1.1",
                "wordwrap": "0.0.2"
            }
        },
        "config-chain": {
            "version": "1.1.13",
            "resolved": "https://registry.npmjs.org/config-chain/-/config-chain-1.1.13.tgz",
            "integrity": "sha512-qj+f8APARXHrM0hraqXYb2/bOVSV4PvJQlNZ/DVj0QrmNM2q2euizkeuVckQ57J+W0mRH6Hvi+k50M4Jul2VRQ==",
            "dev": true,
            "requires": {
                "ini": "^1.3.4",
                "proto-list": "~1.2.1"
            }
        },
        "decamelize": {
            "version": "1.2.0",
            "resolved": "https://registry.npmjs.org/decamelize/-/decamelize-1.2.0.tgz",
            "integrity": "sha1-9lNNFRSCabIDUue+4m9QH5oZEpA="
        },
        "fast-deep-equal": {
            "version": "3.1.3",
            "resolved": "https://registry.npmjs.org/fast-deep-equal/-/fast-deep-equal-3.1.3.tgz",
            "integrity": "sha512-f3qQ9oQy9j2AhBe/H9VC91wLmKBCCU/gDOnKNAYG5hswO7BLKj09Hc5HYNz9cGI++xlpDCIgDaitVs03ATR84Q=="
        },
        "geojson-utils": {
            "version": "1.1.0",
            "resolved": "https://registry.npmjs.org/geojson-utils/-/geojson-utils-1.1.0.tgz",
            "integrity": "sha1-6P+0yBwKdbPjBvUYcmXW8jBA9Qs="
        },
        "hoist-non-react-statics": {
            "version": "3.3.2",
            "resolved": "https://registry.npmjs.org/hoist-non-react-statics/-/hoist-non-react-statics-3.3.2.tgz",
            "integrity": "sha512-/gGivxi8JPKWNm/W0jSmzcMPpfpPLc3dY/6GxhX2hQ9iGj3aDfklV4ET7NjKpSinLpJ5vafa9iiGIEZg10SfBw==",
            "requires": {
                "react-is": "^16.7.0"
            }
        },
        "ini": {
            "version": "1.3.8",
            "resolved": "https://registry.npmjs.org/ini/-/ini-1.3.8.tgz",
            "integrity": "sha512-JV/yugV2uzW5iMRSiZAyDtQd+nxtUnjeLt0acNdw98kKLrvuRVyB80tsREOE7yvGVgalhZ6RNXCmEHkUKBKxew==",
            "dev": true
        },
        "invariant": {
            "version": "2.2.4",
            "resolved": "https://registry.npmjs.org/invariant/-/invariant-2.2.4.tgz",
            "integrity": "sha512-phJfQVBuaJM5raOpJjSfkiD6BpbCE4Ns//LaXl6wGYtUBY83nWS6Rf9tXm2e8VaK60JEjYldbPif/A2B1C2gNA==",
            "requires": {
                "loose-envify": "^1.0.0"
            }
        },
        "is-buffer": {
            "version": "1.1.6",
            "resolved": "https://registry.npmjs.org/is-buffer/-/is-buffer-1.1.6.tgz",
            "integrity": "sha512-NcdALwpXkTm5Zvvbk7owOUSvVvBKDgKP5/ewfXEznmQFfs4ZRmanOeKBTjRVjka3QFoN6XJ+9F3USqfHqTaU5w=="
        },
        "js-prettify": {
            "version": "1.4.0",
            "resolved": "https://registry.npmjs.org/js-prettify/-/js-prettify-1.4.0.tgz",
            "integrity": "sha1-9m/fWfOX6eCTfLFqWiNzRjNefrM=",
            "dev": true,
            "requires": {
                "config-chain": "~1.1.5",
                "mkdirp": "0.3.5",
                "nopt": "~2.1.1"
            }
        },
        "js-tokens": {
            "version": "4.0.0",
            "resolved": "https://registry.npmjs.org/js-tokens/-/js-tokens-4.0.0.tgz",
            "integrity": "sha512-RdJUflcE3cUzKiMqQgsCu06FPu9UdIJO0beYbPhHN4k6apgJtifcoCtT9bcxOpYBtpD2kCM6Sbzg4CausW/PKQ=="
        },
        "kind-of": {
            "version": "3.2.2",
            "resolved": "https://registry.npmjs.org/kind-of/-/kind-of-3.2.2.tgz",
            "integrity": "sha1-MeohpzS6ubuw8yRm2JOupR5KPGQ=",
            "requires": {
                "is-buffer": "^1.1.5"
            }
        },
        "lazy-cache": {
            "version": "1.0.4",
            "resolved": "https://registry.npmjs.org/lazy-cache/-/lazy-cache-1.0.4.tgz",
            "integrity": "sha1-odePw6UEdMuAhF07O24dpJpEbo4="
        },
        "leaflet": {
            "version": "1.7.1",
            "resolved": "https://registry.npmjs.org/leaflet/-/leaflet-1.7.1.tgz",
            "integrity": "sha512-/xwPEBidtg69Q3HlqPdU3DnrXQOvQU/CCHA1tcDQVzOwm91YMYaILjNp7L4Eaw5Z4sOYdbBz6koWyibppd8Zqw=="
        },
        "lodash": {
            "version": "1.3.1",
            "resolved": "https://registry.npmjs.org/lodash/-/lodash-1.3.1.tgz",
            "integrity": "sha1-pGY7U2hriV/wdOK6UE37dqjit3A=",
            "dev": true
        },
        "longest": {
            "version": "1.0.1",
            "resolved": "https://registry.npmjs.org/longest/-/longest-1.0.1.tgz",
            "integrity": "sha1-MKCy2jj3N3DoKUoNIuZiXtd9AJc="
        },
        "loose-envify": {
            "version": "1.4.0",
            "resolved": "https://registry.npmjs.org/loose-envify/-/loose-envify-1.4.0.tgz",
            "integrity": "sha512-lyuxPGr/Wfhrlem2CL/UcnUc1zcqKAImBDzukY7Y5F/yQiNdko6+fRLevlw1HgMySw7f611UIY408EtxRSoK3Q==",
            "requires": {
                "js-tokens": "^3.0.0 || ^4.0.0"
            }
        },
        "mkdirp": {
            "version": "0.3.5",
            "resolved": "https://registry.npmjs.org/mkdirp/-/mkdirp-0.3.5.tgz",
            "integrity": "sha1-3j5fiWHIjHh+4TaN+EmsRBPsqNc=",
            "dev": true
        },
        "nopt": {
            "version": "2.1.2",
            "resolved": "https://registry.npmjs.org/nopt/-/nopt-2.1.2.tgz",
            "integrity": "sha1-bMzZd7gBMqB3MdbozljCyDA8+a8=",
            "dev": true,
            "requires": {
                "abbrev": "1"
            }
        },
        "object-assign": {
            "version": "4.1.1",
            "resolved": "https://registry.npmjs.org/object-assign/-/object-assign-4.1.1.tgz",
            "integrity": "sha1-IQmtx5ZYh8/AXLvUQsrIv7s2CGM="
        },
        "prettier": {
            "version": "2.4.1",
            "resolved": "https://registry.npmjs.org/prettier/-/prettier-2.4.1.tgz",
            "integrity": "sha512-9fbDAXSBcc6Bs1mZrDYb3XKzDLm4EXXL9sC1LqKP5rZkT6KRr/rf9amVUcODVXgguK/isJz0d0hP72WeaKWsvA==",
            "dev": true
        },
        "prettify": {
            "version": "0.1.7",
            "resolved": "https://registry.npmjs.org/prettify/-/prettify-0.1.7.tgz",
            "integrity": "sha1-4dHkoaCkL0dtcqDFsYWAgB/ilkM=",
            "dev": true,
            "requires": {
                "js-prettify": "~1.4.0",
                "lodash": "~1.3.1"
            }
        },
        "prop-types": {
            "version": "15.7.2",
            "resolved": "https://registry.npmjs.org/prop-types/-/prop-types-15.7.2.tgz",
            "integrity": "sha512-8QQikdH7//R2vurIJSutZ1smHYTcLpRWEOlHnzcWHmBYrOGUysKwSsrC89BCiFj3CbrfJ/nXFdJepOVrY1GCHQ==",
            "requires": {
                "loose-envify": "^1.4.0",
                "object-assign": "^4.1.1",
                "react-is": "^16.8.1"
            }
        },
        "proto-list": {
            "version": "1.2.4",
            "resolved": "https://registry.npmjs.org/proto-list/-/proto-list-1.2.4.tgz",
            "integrity": "sha1-IS1b/hMYMGpCD2QCuOJv85ZHqEk=",
            "dev": true
        },
        "react": {
            "version": "16.14.0",
            "resolved": "https://registry.npmjs.org/react/-/react-16.14.0.tgz",
            "integrity": "sha512-0X2CImDkJGApiAlcf0ODKIneSwBPhqJawOa5wCtKbu7ZECrmS26NvtSILynQ66cgkT/RJ4LidJOc3bUESwmU8g==",
            "requires": {
                "loose-envify": "^1.1.0",
                "object-assign": "^4.1.1",
                "prop-types": "^15.6.2"
            }
        },
        "react-dom": {
            "version": "16.14.0",
            "resolved": "https://registry.npmjs.org/react-dom/-/react-dom-16.14.0.tgz",
            "integrity": "sha512-1gCeQXDLoIqMgqD3IO2Ah9bnf0w9kzhwN5q4FGnHZ67hBm9yePzB5JJAIQCc8x3pFnNlwFq4RidZggNAAkzWWw==",
            "requires": {
                "loose-envify": "^1.1.0",
                "object-assign": "^4.1.1",
                "prop-types": "^15.6.2",
                "scheduler": "^0.19.1"
            }
        },
        "react-is": {
            "version": "16.13.1",
            "resolved": "https://registry.npmjs.org/react-is/-/react-is-16.13.1.tgz",
            "integrity": "sha512-24e6ynE2H+OKt4kqsOvNd8kBpV65zoxbA4BVsEOB3ARVWQki/DHzaUoC5KuON/BiccDaCCTZBuOcfZs70kR8bQ=="
        },
        "react-leaflet": {
            "version": "2.8.0",
            "resolved": "https://registry.npmjs.org/react-leaflet/-/react-leaflet-2.8.0.tgz",
            "integrity": "sha512-Y7oHtNrrlRH8muDttXf+jZ2Ga/X7jneSGi1GN8uEdeCfLProTqgG2Zoa5TfloS3ZnY20v7w+DIenMG59beFsQw==",
            "requires": {
                "@babel/runtime": "^7.12.1",
                "fast-deep-equal": "^3.1.3",
                "hoist-non-react-statics": "^3.3.2",
                "warning": "^4.0.3"
            }
        },
        "react-lifecycles-compat": {
            "version": "3.0.4",
            "resolved": "https://registry.npmjs.org/react-lifecycles-compat/-/react-lifecycles-compat-3.0.4.tgz",
            "integrity": "sha512-fBASbA6LnOU9dOU2eW7aQ8xmYBSXUIWr+UmF9b1efZBazGNO+rcXT/icdKnYm2pTwcRylVUYwW7H1PHfLekVzA=="
        },
        "react-redux": {
            "version": "5.1.2",
            "resolved": "https://registry.npmjs.org/react-redux/-/react-redux-5.1.2.tgz",
            "integrity": "sha512-Ns1G0XXc8hDyH/OcBHOxNgQx9ayH3SPxBnFCOidGKSle8pKihysQw2rG/PmciUQRoclhVBO8HMhiRmGXnDja9Q==",
            "requires": {
                "@babel/runtime": "^7.1.2",
                "hoist-non-react-statics": "^3.3.0",
                "invariant": "^2.2.4",
                "loose-envify": "^1.1.0",
                "prop-types": "^15.6.1",
                "react-is": "^16.6.0",
                "react-lifecycles-compat": "^3.0.0"
            }
        },
        "redux": {
            "version": "4.1.2",
            "resolved": "https://registry.npmjs.org/redux/-/redux-4.1.2.tgz",
            "integrity": "sha512-SH8PglcebESbd/shgf6mii6EIoRM0zrQyjcuQ+ojmfxjTtE0z9Y8pa62iA/OJ58qjP6j27uyW4kUF4jl/jd6sw==",
            "requires": {
                "@babel/runtime": "^7.9.2"
            }
        },
        "redux-thunk": {
            "version": "2.4.0",
            "resolved": "https://registry.npmjs.org/redux-thunk/-/redux-thunk-2.4.0.tgz",
            "integrity": "sha512-/y6ZKQNU/0u8Bm7ROLq9Pt/7lU93cT0IucYMrubo89ENjxPa7i8pqLKu6V4X7/TvYovQ6x01unTeyeZ9lgXiTA==",
            "requires": {}
        },
        "regenerator-runtime": {
            "version": "0.13.9",
            "resolved": "https://registry.npmjs.org/regenerator-runtime/-/regenerator-runtime-0.13.9.tgz",
            "integrity": "sha512-p3VT+cOEgxFsRRA9X4lkI1E+k2/CtnKtU4gcxyaCUreilL/vqI6CdZ3wxVUx3UOUg+gnUOQQcRI7BmSI656MYA=="
        },
        "repeat-string": {
            "version": "1.6.1",
            "resolved": "https://registry.npmjs.org/repeat-string/-/repeat-string-1.6.1.tgz",
            "integrity": "sha1-jcrkcOHIirwtYA//Sndihtp15jc="
        },
        "right-align": {
            "version": "0.1.3",
            "resolved": "https://registry.npmjs.org/right-align/-/right-align-0.1.3.tgz",
            "integrity": "sha1-YTObci/mo1FWiSENJOFMlhSGE+8=",
            "requires": {
                "align-text": "^0.1.1"
            }
        },
        "scheduler": {
            "version": "0.19.1",
            "resolved": "https://registry.npmjs.org/scheduler/-/scheduler-0.19.1.tgz",
            "integrity": "sha512-n/zwRWRYSUj0/3g/otKDRPMh6qv2SYMWNq85IEa8iZyAv8od9zDYpGSnpBEjNgcMNq6Scbu5KfIPxNF72R/2EA==",
            "requires": {
                "loose-envify": "^1.1.0",
                "object-assign": "^4.1.1"
            }
        },
        "source-map": {
            "version": "0.5.7",
            "resolved": "https://registry.npmjs.org/source-map/-/source-map-0.5.7.tgz",
            "integrity": "sha1-igOdLRAh0i0eoUyA2OpGi6LvP8w="
        },
        "uglify-js": {
            "version": "2.7.4",
            "resolved": "https://registry.npmjs.org/uglify-js/-/uglify-js-2.7.4.tgz",
            "integrity": "sha1-opWg3hK2plDAMcQN6w3ECxRWi9I=",
            "requires": {
                "async": "~0.2.6",
                "source-map": "~0.5.1",
                "uglify-to-browserify": "~1.0.0",
                "yargs": "~3.10.0"
            }
        },
        "uglify-to-browserify": {
            "version": "1.0.2",
            "resolved": "https://registry.npmjs.org/uglify-to-browserify/-/uglify-to-browserify-1.0.2.tgz",
            "integrity": "sha1-bgkk1r2mta/jSeOabWMoUKD4grc="
        },
        "warning": {
            "version": "4.0.3",
            "resolved": "https://registry.npmjs.org/warning/-/warning-4.0.3.tgz",
            "integrity": "sha512-rpJyN222KWIvHJ/F53XSZv0Zl/accqHR8et1kpaMTD/fLCRxtV8iX8czMzY7sVZupTI3zcUTg8eycS2kNF9l6w==",
            "requires": {
                "loose-envify": "^1.0.0"
            }
        },
        "window-size": {
            "version": "0.1.0",
            "resolved": "https://registry.npmjs.org/window-size/-/window-size-0.1.0.tgz",
            "integrity": "sha1-VDjNLqk7IC76Ohn+iIeu58lPnJ0="
        },
        "wordwrap": {
            "version": "0.0.2",
            "resolved": "https://registry.npmjs.org/wordwrap/-/wordwrap-0.0.2.tgz",
            "integrity": "sha1-t5Zpu0LstAn4PVg8rVLKF+qhZD8="
        },
        "yargs": {
            "version": "3.10.0",
            "resolved": "https://registry.npmjs.org/yargs/-/yargs-3.10.0.tgz",
            "integrity": "sha1-9+572FfdfB0tOMDnTvvWgdFDH9E=",
            "requires": {
                "camelcase": "^1.0.2",
                "cliui": "^2.1.0",
                "decamelize": "^1.0.0",
                "window-size": "0.1.0"
            }
        }
    }
}
